
Microsoft Visual Studio Solution File, Format Version 12.00
# Visual Studio Version 17
VisualStudioVersion = 17.13.35931.197 d17.13
MinimumVisualStudioVersion = 10.0.40219.1
Project("{FAE04EC0-301F-11D3-BF4B-00C04F79EFBC}") = "DevilInfiniteServer", "DevilInfiniteServer.csproj", "{9F47CA22-033D-E512-B364-B995C7843C68}"
EndProject
Global
	GlobalSection(SolutionConfigurationPlatforms) = preSolution
		Debug|Any CPU = Debug|Any CPU
		Release|Any CPU = Release|Any CPU
	EndGlobalSection
	GlobalSection(ProjectConfigurationPlatforms) = postSolution
		{9F47CA22-033D-E512-B364-B995C7843C68}.Debug|Any CPU.ActiveCfg = Debug|Any CPU
		{9F47CA22-033D-E512-B364-B995C7843C68}.Debug|Any CPU.Build.0 = Debug|Any CPU
		{9F47CA22-033D-E512-B364-B995C7843C68}.Release|Any CPU.ActiveCfg = Release|Any CPU
		{9F47CA22-033D-E512-B364-B995C7843C68}.Release|Any CPU.Build.0 = Release|Any CPU
	EndGlobalSection
	GlobalSection(SolutionProperties) = preSolution
		HideSolutionNode = FALSE
	EndGlobalSection
	GlobalSection(ExtensibilityGlobals) = postSolution
		SolutionGuid = {025A8ED8-3C74-46D0-AD52-1C4D26F63B34}
	EndGlobalSection
EndGlobal
